
Microsoft Visual Studio Solution File, Format Version 12.00
# Visual Studio Version 16
VisualStudioVersion = 16.0.31321.278
MinimumVisualStudioVersion = 10.0.40219.1
Project("{FAE04EC0-301F-11D3-BF4B-00C04F79EFBC}") = "CoreApiFundamentalsLidia", "CoreApiFundamentalsLidia\CoreApiFundamentalsLidia.csproj", "{F561B67E-29D5-48A2-BB67-7580A7BA6F74}"
EndProject
Global
	GlobalSection(SolutionConfigurationPlatforms) = preSolution
		Debug|Any CPU = Debug|Any CPU
		Release|Any CPU = Release|Any CPU
	EndGlobalSection
	GlobalSection(ProjectConfigurationPlatforms) = postSolution
		{F561B67E-29D5-48A2-BB67-7580A7BA6F74}.Debug|Any CPU.ActiveCfg = Debug|Any CPU
		{F561B67E-29D5-48A2-BB67-7580A7BA6F74}.Debug|Any CPU.Build.0 = Debug|Any CPU
		{F561B67E-29D5-48A2-BB67-7580A7BA6F74}.Release|Any CPU.ActiveCfg = Release|Any CPU
		{F561B67E-29D5-48A2-BB67-7580A7BA6F74}.Release|Any CPU.Build.0 = Release|Any CPU
	EndGlobalSection
	GlobalSection(SolutionProperties) = preSolution
		HideSolutionNode = FALSE
	EndGlobalSection
	GlobalSection(ExtensibilityGlobals) = postSolution
		SolutionGuid = {BC880ACE-C3F2-45E8-915C-D60FBC0563D9}
	EndGlobalSection
EndGlobal
